
Microsoft Visual Studio Solution File, Format Version 12.00
# Visual Studio Version 16
VisualStudioVersion = 16.0.30523.141
MinimumVisualStudioVersion = 10.0.40219.1
Project("{8BC9CEB8-8B4A-11D0-8D11-00A0C91BC942}") = "HalfLife2-Hack", "HalfLife2-Hack\HalfLife2-Hack.vcxproj", "{D5414B0D-6B3B-4655-A01C-5A20945FE72A}"
EndProject
Global
	GlobalSection(SolutionConfigurationPlatforms) = preSolution
		Debug|x64 = Debug|x64
		Debug|x86 = Debug|x86
		Release|x64 = Release|x64
		Release|x86 = Release|x86
	EndGlobalSection
	GlobalSection(ProjectConfigurationPlatforms) = postSolution
		{D5414B0D-6B3B-4655-A01C-5A20945FE72A}.Debug|x64.ActiveCfg = Debug|x64
		{D5414B0D-6B3B-4655-A01C-5A20945FE72A}.Debug|x64.Build.0 = Debug|x64
		{D5414B0D-6B3B-4655-A01C-5A20945FE72A}.Debug|x86.ActiveCfg = Debug|Win32
		{D5414B0D-6B3B-4655-A01C-5A20945FE72A}.Debug|x86.Build.0 = Debug|Win32
		{D5414B0D-6B3B-4655-A01C-5A20945FE72A}.Release|x64.ActiveCfg = Release|x64
		{D5414B0D-6B3B-4655-A01C-5A20945FE72A}.Release|x64.Build.0 = Release|x64
		{D5414B0D-6B3B-4655-A01C-5A20945FE72A}.Release|x86.ActiveCfg = Release|Win32
		{D5414B0D-6B3B-4655-A01C-5A20945FE72A}.Release|x86.Build.0 = Release|Win32
	EndGlobalSection
	GlobalSection(SolutionProperties) = preSolution
		HideSolutionNode = FALSE
	EndGlobalSection
	GlobalSection(ExtensibilityGlobals) = postSolution
		SolutionGuid = {A9A1C576-86BB-4367-A13D-3D4A60BE7B3C}
	EndGlobalSection
EndGlobal
